version = 1
revision = 1
requires-python = ">=3.12"

[[package]]
name = "asttokens"
version = "3.0.0"
source = { registry = "https://pypi.org/simple" }
sdist = { url = "https://files.pythonhosted.org/packages/4a/e7/82da0a03e7ba5141f05cce0d302e6eed121ae055e0456ca228bf693984bc/asttokens-3.0.0.tar.gz", hash = "sha256:0dcd8baa8d62b0c1d118b399b2ddba3c4aff271d0d7a9e0d4c1681c79035bbc7", size = 61978 }
wheels = [
    { url = "https://files.pythonhosted.org/packages/25/8a/c46dcc25341b5bce5472c718902eb3d38600a903b14fa6aeecef3f21a46f/asttokens-3.0.0-py3-none-any.whl", hash = "sha256:e3078351a059199dd5138cb1c706e6430c05eff2ff136af5eb4790f9d28932e2", size = 26918 },
]

[[package]]
name = "colorama"
version = "0.4.6"
source = { registry = "https://pypi.org/simple" }
sdist = { url = "https://files.pythonhosted.org/packages/d8/53/6f443c9a4a8358a93a6792e2acffb9d9d5cb0a5cfd8802644b7b1c9a02e4/colorama-0.4.6.tar.gz", hash = "sha256:08695f5cb7ed6e0531a20572697297273c47b8cae5a63ffc6d6ed5c201be6e44", size = 27697 }
wheels = [
    { url = "https://files.pythonhosted.org/packages/d1/d6/3965ed04c63042e047cb6a3e6ed1a63a35087b6a609aa3a15ed8ac56c221/colorama-0.4.6-py2.py3-none-any.whl", hash = "sha256:4f1d9991f5acc0ca119f9d443620b77f9d6b33703e51011c16baf57afb285fc6", size = 25335 },
]

[[package]]
name = "decorator"
version = "5.2.1"
source = { registry = "https://pypi.org/simple" }
sdist = { url = "https://files.pythonhosted.org/packages/43/fa/6d96a0978d19e17b68d634497769987b16c8f4cd0a7a05048bec693caa6b/decorator-5.2.1.tar.gz", hash = "sha256:65f266143752f734b0a7cc83c46f4618af75b8c5911b00ccb61d0ac9b6da0360", size = 56711 }
wheels = [
    { url = "https://files.pythonhosted.org/packages/4e/8c/f3147f5c4b73e7550fe5f9352eaa956ae838d5c51eb58e7a25b9f3e2643b/decorator-5.2.1-py3-none-any.whl", hash = "sha256:d316bb415a2d9e2d2b3abcc4084c6502fc09240e292cd76a76afc106a1c8e04a", size = 9190 },
]

[[package]]
name = "executing"
version = "2.2.0"
source = { registry = "https://pypi.org/simple" }
sdist = { url = "https://files.pythonhosted.org/packages/91/50/a9d80c47ff289c611ff12e63f7c5d13942c65d68125160cefd768c73e6e4/executing-2.2.0.tar.gz", hash = "sha256:5d108c028108fe2551d1a7b2e8b713341e2cb4fc0aa7dcf966fa4327a5226755", size = 978693 }
wheels = [
    { url = "https://files.pythonhosted.org/packages/7b/8f/c4d9bafc34ad7ad5d8dc16dd1347ee0e507a52c3adb6bfa8887e1c6a26ba/executing-2.2.0-py2.py3-none-any.whl", hash = "sha256:11387150cad388d62750327a53d3339fad4888b39a6fe233c3afbb54ecffd3aa", size = 26702 },
]

[[package]]
name = "ipdb"
version = "0.13.13"
source = { registry = "https://pypi.org/simple" }
dependencies = [
    { name = "decorator" },
    { name = "ipython" },
]
sdist = { url = "https://files.pythonhosted.org/packages/3d/1b/7e07e7b752017f7693a0f4d41c13e5ca29ce8cbcfdcc1fd6c4ad8c0a27a0/ipdb-0.13.13.tar.gz", hash = "sha256:e3ac6018ef05126d442af680aad863006ec19d02290561ac88b8b1c0b0cfc726", size = 17042 }
wheels = [
    { url = "https://files.pythonhosted.org/packages/0c/4c/b075da0092003d9a55cf2ecc1cae9384a1ca4f650d51b00fc59875fe76f6/ipdb-0.13.13-py3-none-any.whl", hash = "sha256:45529994741c4ab6d2388bfa5d7b725c2cf7fe9deffabdb8a6113aa5ed449ed4", size = 12130 },
]

[[package]]
name = "ipython"
version = "9.4.0"
source = { registry = "https://pypi.org/simple" }
dependencies = [
    { name = "colorama", marker = "sys_platform == 'win32'" },
    { name = "decorator" },
    { name = "ipython-pygments-lexers" },
    { name = "jedi" },
    { name = "matplotlib-inline" },
    { name = "pexpect", marker = "sys_platform != 'emscripten' and sys_platform != 'win32'" },
    { name = "prompt-toolkit" },
    { name = "pygments" },
    { name = "stack-data" },
    { name = "traitlets" },
]
sdist = { url = "https://files.pythonhosted.org/packages/54/80/406f9e3bde1c1fd9bf5a0be9d090f8ae623e401b7670d8f6fdf2ab679891/ipython-9.4.0.tar.gz", hash = "sha256:c033c6d4e7914c3d9768aabe76bbe87ba1dc66a92a05db6bfa1125d81f2ee270", size = 4385338 }
wheels = [
    { url = "https://files.pythonhosted.org/packages/63/f8/0031ee2b906a15a33d6bfc12dd09c3dfa966b3cb5b284ecfb7549e6ac3c4/ipython-9.4.0-py3-none-any.whl", hash = "sha256:25850f025a446d9b359e8d296ba175a36aedd32e83ca9b5060430fe16801f066", size = 611021 },
]

[[package]]
name = "ipython-pygments-lexers"
version = "1.1.1"
source = { registry = "https://pypi.org/simple" }
dependencies = [
    { name = "pygments" },
]
sdist = { url = "https://files.pythonhosted.org/packages/ef/4c/5dd1d8af08107f88c7f741ead7a40854b8ac24ddf9ae850afbcf698aa552/ipython_pygments_lexers-1.1.1.tar.gz", hash = "sha256:09c0138009e56b6854f9535736f4171d855c8c08a563a0dcd8022f78355c7e81", size = 8393 }
wheels = [
    { url = "https://files.pythonhosted.org/packages/d9/33/1f075bf72b0b747cb3288d011319aaf64083cf2efef8354174e3ed4540e2/ipython_pygments_lexers-1.1.1-py3-none-any.whl", hash = "sha256:a9462224a505ade19a605f71f8fa63c2048833ce50abc86768a0d81d876dc81c", size = 8074 },
]

[[package]]
name = "jedi"
version = "0.19.2"
source = { registry = "https://pypi.org/simple" }
dependencies = [
    { name = "parso" },
]
sdist = { url = "https://files.pythonhosted.org/packages/72/3a/79a912fbd4d8dd6fbb02bf69afd3bb72cf0c729bb3063c6f4498603db17a/jedi-0.19.2.tar.gz", hash = "sha256:4770dc3de41bde3966b02eb84fbcf557fb33cce26ad23da12c742fb50ecb11f0", size = 1231287 }
wheels = [
    { url = "https://files.pythonhosted.org/packages/c0/5a/9cac0c82afec3d09ccd97c8b6502d48f165f9124db81b4bcb90b4af974ee/jedi-0.19.2-py2.py3-none-any.whl", hash = "sha256:a8ef22bde8490f57fe5c7681a3c83cb58874daf72b4784de3cce5b6ef6edb5b9", size = 1572278 },
]

[[package]]
name = "lxml"
version = "6.0.0"
source = { registry = "https://pypi.org/simple" }
sdist = { url = "https://files.pythonhosted.org/packages/c5/ed/60eb6fa2923602fba988d9ca7c5cdbd7cf25faa795162ed538b527a35411/lxml-6.0.0.tar.gz", hash = "sha256:032e65120339d44cdc3efc326c9f660f5f7205f3a535c1fdbf898b29ea01fb72", size = 4096938 }
wheels = [
    { url = "https://files.pythonhosted.org/packages/89/c3/d01d735c298d7e0ddcedf6f028bf556577e5ab4f4da45175ecd909c79378/lxml-6.0.0-cp312-cp312-macosx_10_13_universal2.whl", hash = "sha256:78718d8454a6e928470d511bf8ac93f469283a45c354995f7d19e77292f26108", size = 8429515 },
    { url = "https://files.pythonhosted.org/packages/06/37/0e3eae3043d366b73da55a86274a590bae76dc45aa004b7042e6f97803b1/lxml-6.0.0-cp312-cp312-macosx_10_13_x86_64.whl", hash = "sha256:84ef591495ffd3f9dcabffd6391db7bb70d7230b5c35ef5148354a134f56f2be", size = 4601387 },
    { url = "https://files.pythonhosted.org/packages/a3/28/e1a9a881e6d6e29dda13d633885d13acb0058f65e95da67841c8dd02b4a8/lxml-6.0.0-cp312-cp312-manylinux2010_i686.manylinux2014_i686.manylinux_2_12_i686.manylinux_2_17_i686.whl", hash = "sha256:2930aa001a3776c3e2601cb8e0a15d21b8270528d89cc308be4843ade546b9ab", size = 5228928 },
    { url = "https://files.pythonhosted.org/packages/9a/55/2cb24ea48aa30c99f805921c1c7860c1f45c0e811e44ee4e6a155668de06/lxml-6.0.0-cp312-cp312-manylinux2014_aarch64.manylinux_2_17_aarch64.whl", hash = "sha256:219e0431ea8006e15005767f0351e3f7f9143e793e58519dc97fe9e07fae5563", size = 4952289 },
    { url = "https://files.pythonhosted.org/packages/31/c0/b25d9528df296b9a3306ba21ff982fc5b698c45ab78b94d18c2d6ae71fd9/lxml-6.0.0-cp312-cp312-manylinux2014_x86_64.manylinux_2_17_x86_64.whl", hash = "sha256:bd5913b4972681ffc9718bc2d4c53cde39ef81415e1671ff93e9aa30b46595e7", size = 5111310 },
    { url = "https://files.pythonhosted.org/packages/e9/af/681a8b3e4f668bea6e6514cbcb297beb6de2b641e70f09d3d78655f4f44c/lxml-6.0.0-cp312-cp312-manylinux_2_27_aarch64.manylinux_2_28_aarch64.whl", hash = "sha256:390240baeb9f415a82eefc2e13285016f9c8b5ad71ec80574ae8fa9605093cd7", size = 5025457 },
    { url = "https://files.pythonhosted.org/packages/99/b6/3a7971aa05b7be7dfebc7ab57262ec527775c2c3c5b2f43675cac0458cad/lxml-6.0.0-cp312-cp312-manylinux_2_27_ppc64le.manylinux_2_28_ppc64le.whl", hash = "sha256:d6e200909a119626744dd81bae409fc44134389e03fbf1d68ed2a55a2fb10991", size = 5657016 },
    { url = "https://files.pythonhosted.org/packages/69/f8/693b1a10a891197143c0673fcce5b75fc69132afa81a36e4568c12c8faba/lxml-6.0.0-cp312-cp312-manylinux_2_27_x86_64.manylinux_2_28_x86_64.whl", hash = "sha256:ca50bd612438258a91b5b3788c6621c1f05c8c478e7951899f492be42defc0da", size = 5257565 },
    { url = "https://files.pythonhosted.org/packages/a8/96/e08ff98f2c6426c98c8964513c5dab8d6eb81dadcd0af6f0c538ada78d33/lxml-6.0.0-cp312-cp312-manylinux_2_31_armv7l.whl", hash = "sha256:c24b8efd9c0f62bad0439283c2c795ef916c5a6b75f03c17799775c7ae3c0c9e", size = 4713390 },
    { url = "https://files.pythonhosted.org/packages/a8/83/6184aba6cc94d7413959f6f8f54807dc318fdcd4985c347fe3ea6937f772/lxml-6.0.0-cp312-cp312-musllinux_1_2_aarch64.whl", hash = "sha256:afd27d8629ae94c5d863e32ab0e1d5590371d296b87dae0a751fb22bf3685741", size = 5066103 },
    { url = "https://files.pythonhosted.org/packages/ee/01/8bf1f4035852d0ff2e36a4d9aacdbcc57e93a6cd35a54e05fa984cdf73ab/lxml-6.0.0-cp312-cp312-musllinux_1_2_armv7l.whl", hash = "sha256:54c4855eabd9fc29707d30141be99e5cd1102e7d2258d2892314cf4c110726c3", size = 4791428 },
    { url = "https://files.pythonhosted.org/packages/29/31/c0267d03b16954a85ed6b065116b621d37f559553d9339c7dcc4943a76f1/lxml-6.0.0-cp312-cp312-musllinux_1_2_ppc64le.whl", hash = "sha256:c907516d49f77f6cd8ead1322198bdfd902003c3c330c77a1c5f3cc32a0e4d16", size = 5678523 },
    { url = "https://files.pythonhosted.org/packages/5c/f7/5495829a864bc5f8b0798d2b52a807c89966523140f3d6fa3a58ab6720ea/lxml-6.0.0-cp312-cp312-musllinux_1_2_x86_64.whl", hash = "sha256:36531f81c8214e293097cd2b7873f178997dae33d3667caaae8bdfb9666b76c0", size = 5281290 },
    { url = "https://files.pythonhosted.org/packages/79/56/6b8edb79d9ed294ccc4e881f4db1023af56ba451909b9ce79f2a2cd7c532/lxml-6.0.0-cp312-cp312-win32.whl", hash = "sha256:690b20e3388a7ec98e899fd54c924e50ba6693874aa65ef9cb53de7f7de9d64a", size = 3613495 },
    { url = "https://files.pythonhosted.org/packages/0b/1e/cc32034b40ad6af80b6fd9b66301fc0f180f300002e5c3eb5a6110a93317/lxml-6.0.0-cp312-cp312-win_amd64.whl", hash = "sha256:310b719b695b3dd442cdfbbe64936b2f2e231bb91d998e99e6f0daf991a3eba3", size = 4014711 },
    { url = "https://files.pythonhosted.org/packages/55/10/dc8e5290ae4c94bdc1a4c55865be7e1f31dfd857a88b21cbba68b5fea61b/lxml-6.0.0-cp312-cp312-win_arm64.whl", hash = "sha256:8cb26f51c82d77483cdcd2b4a53cda55bbee29b3c2f3ddeb47182a2a9064e4eb", size = 3674431 },
    { url = "https://files.pythonhosted.org/packages/79/21/6e7c060822a3c954ff085e5e1b94b4a25757c06529eac91e550f3f5cd8b8/lxml-6.0.0-cp313-cp313-macosx_10_13_universal2.whl", hash = "sha256:6da7cd4f405fd7db56e51e96bff0865b9853ae70df0e6720624049da76bde2da", size = 8414372 },
    { url = "https://files.pythonhosted.org/packages/a4/f6/051b1607a459db670fc3a244fa4f06f101a8adf86cda263d1a56b3a4f9d5/lxml-6.0.0-cp313-cp313-macosx_10_13_x86_64.whl", hash = "sha256:b34339898bb556a2351a1830f88f751679f343eabf9cf05841c95b165152c9e7", size = 4593940 },
    { url = "https://files.pythonhosted.org/packages/8e/74/dd595d92a40bda3c687d70d4487b2c7eff93fd63b568acd64fedd2ba00fe/lxml-6.0.0-cp313-cp313-manylinux2010_i686.manylinux2014_i686.manylinux_2_12_i686.manylinux_2_17_i686.whl", hash = "sha256:51a5e4c61a4541bd1cd3ba74766d0c9b6c12d6a1a4964ef60026832aac8e79b3", size = 5214329 },
    { url = "https://files.pythonhosted.org/packages/52/46/3572761efc1bd45fcafb44a63b3b0feeb5b3f0066886821e94b0254f9253/lxml-6.0.0-cp313-cp313-manylinux2014_aarch64.manylinux_2_17_aarch64.whl", hash = "sha256:d18a25b19ca7307045581b18b3ec9ead2b1db5ccd8719c291f0cd0a5cec6cb81", size = 4947559 },
    { url = "https://files.pythonhosted.org/packages/94/8a/5e40de920e67c4f2eef9151097deb9b52d86c95762d8ee238134aff2125d/lxml-6.0.0-cp313-cp313-manylinux2014_x86_64.manylinux_2_17_x86_64.whl", hash = "sha256:d4f0c66df4386b75d2ab1e20a489f30dc7fd9a06a896d64980541506086be1f1", size = 5102143 },
    { url = "https://files.pythonhosted.org/packages/7c/4b/20555bdd75d57945bdabfbc45fdb1a36a1a0ff9eae4653e951b2b79c9209/lxml-6.0.0-cp313-cp313-manylinux_2_27_aarch64.manylinux_2_28_aarch64.whl", hash = "sha256:9f4b481b6cc3a897adb4279216695150bbe7a44c03daba3c894f49d2037e0a24", size = 5021931 },
    { url = "https://files.pythonhosted.org/packages/b6/6e/cf03b412f3763d4ca23b25e70c96a74cfece64cec3addf1c4ec639586b13/lxml-6.0.0-cp313-cp313-manylinux_2_27_ppc64le.manylinux_2_28_ppc64le.whl", hash = "sha256:8a78d6c9168f5bcb20971bf3329c2b83078611fbe1f807baadc64afc70523b3a", size = 5645469 },
    { url = "https://files.pythonhosted.org/packages/d4/dd/39c8507c16db6031f8c1ddf70ed95dbb0a6d466a40002a3522c128aba472/lxml-6.0.0-cp313-cp313-manylinux_2_27_x86_64.manylinux_2_28_x86_64.whl", hash = "sha256:2ae06fbab4f1bb7db4f7c8ca9897dc8db4447d1a2b9bee78474ad403437bcc29", size = 5247467 },
    { url = "https://files.pythonhosted.org/packages/4d/56/732d49def0631ad633844cfb2664563c830173a98d5efd9b172e89a4800d/lxml-6.0.0-cp313-cp313-manylinux_2_31_armv7l.whl", hash = "sha256:1fa377b827ca2023244a06554c6e7dc6828a10aaf74ca41965c5d8a4925aebb4", size = 4720601 },
    { url = "https://files.pythonhosted.org/packages/8f/7f/6b956fab95fa73462bca25d1ea7fc8274ddf68fb8e60b78d56c03b65278e/lxml-6.0.0-cp313-cp313-musllinux_1_2_aarch64.whl", hash = "sha256:1676b56d48048a62ef77a250428d1f31f610763636e0784ba67a9740823988ca", size = 5060227 },
    { url = "https://files.pythonhosted.org/packages/97/06/e851ac2924447e8b15a294855caf3d543424364a143c001014d22c8ca94c/lxml-6.0.0-cp313-cp313-musllinux_1_2_armv7l.whl", hash = "sha256:0e32698462aacc5c1cf6bdfebc9c781821b7e74c79f13e5ffc8bfe27c42b1abf", size = 4790637 },
    { url = "https://files.pythonhosted.org/packages/06/d4/fd216f3cd6625022c25b336c7570d11f4a43adbaf0a56106d3d496f727a7/lxml-6.0.0-cp313-cp313-musllinux_1_2_ppc64le.whl", hash = "sha256:4d6036c3a296707357efb375cfc24bb64cd955b9ec731abf11ebb1e40063949f", size = 5662049 },
    { url = "https://files.pythonhosted.org/packages/52/03/0e764ce00b95e008d76b99d432f1807f3574fb2945b496a17807a1645dbd/lxml-6.0.0-cp313-cp313-musllinux_1_2_x86_64.whl", hash = "sha256:7488a43033c958637b1a08cddc9188eb06d3ad36582cebc7d4815980b47e27ef", size = 5272430 },
    { url = "https://files.pythonhosted.org/packages/5f/01/d48cc141bc47bc1644d20fe97bbd5e8afb30415ec94f146f2f76d0d9d098/lxml-6.0.0-cp313-cp313-win32.whl", hash = "sha256:5fcd7d3b1d8ecb91445bd71b9c88bdbeae528fefee4f379895becfc72298d181", size = 3612896 },
    { url = "https://files.pythonhosted.org/packages/f4/87/6456b9541d186ee7d4cb53bf1b9a0d7f3b1068532676940fdd594ac90865/lxml-6.0.0-cp313-cp313-win_amd64.whl", hash = "sha256:2f34687222b78fff795feeb799a7d44eca2477c3d9d3a46ce17d51a4f383e32e", size = 4013132 },
    { url = "https://files.pythonhosted.org/packages/b7/42/85b3aa8f06ca0d24962f8100f001828e1f1f1a38c954c16e71154ed7d53a/lxml-6.0.0-cp313-cp313-win_arm64.whl", hash = "sha256:21db1ec5525780fd07251636eb5f7acb84003e9382c72c18c542a87c416ade03", size = 3672642 },
]

[[package]]
name = "matplotlib-inline"
version = "0.1.7"
source = { registry = "https://pypi.org/simple" }
dependencies = [
    { name = "traitlets" },
]
sdist = { url = "https://files.pythonhosted.org/packages/99/5b/a36a337438a14116b16480db471ad061c36c3694df7c2084a0da7ba538b7/matplotlib_inline-0.1.7.tar.gz", hash = "sha256:8423b23ec666be3d16e16b60bdd8ac4e86e840ebd1dd11a30b9f117f2fa0ab90", size = 8159 }
wheels = [
    { url = "https://files.pythonhosted.org/packages/8f/8e/9ad090d3553c280a8060fbf6e24dc1c0c29704ee7d1c372f0c174aa59285/matplotlib_inline-0.1.7-py3-none-any.whl", hash = "sha256:df192d39a4ff8f21b1895d72e6a13f5fcc5099f00fa84384e0ea28c2cc0653ca", size = 9899 },
]

[[package]]
name = "parso"
version = "0.8.4"
source = { registry = "https://pypi.org/simple" }
sdist = { url = "https://files.pythonhosted.org/packages/66/94/68e2e17afaa9169cf6412ab0f28623903be73d1b32e208d9e8e541bb086d/parso-0.8.4.tar.gz", hash = "sha256:eb3a7b58240fb99099a345571deecc0f9540ea5f4dd2fe14c2a99d6b281ab92d", size = 400609 }
wheels = [
    { url = "https://files.pythonhosted.org/packages/c6/ac/dac4a63f978e4dcb3c6d3a78c4d8e0192a113d288502a1216950c41b1027/parso-0.8.4-py2.py3-none-any.whl", hash = "sha256:a418670a20291dacd2dddc80c377c5c3791378ee1e8d12bffc35420643d43f18", size = 103650 },
]

[[package]]
name = "pexpect"
version = "4.9.0"
source = { registry = "https://pypi.org/simple" }
dependencies = [
    { name = "ptyprocess" },
]
sdist = { url = "https://files.pythonhosted.org/packages/42/92/cc564bf6381ff43ce1f4d06852fc19a2f11d180f23dc32d9588bee2f149d/pexpect-4.9.0.tar.gz", hash = "sha256:ee7d41123f3c9911050ea2c2dac107568dc43b2d3b0c7557a33212c398ead30f", size = 166450 }
wheels = [
    { url = "https://files.pythonhosted.org/packages/9e/c3/059298687310d527a58bb01f3b1965787ee3b40dce76752eda8b44e9a2c5/pexpect-4.9.0-py2.py3-none-any.whl", hash = "sha256:7236d1e080e4936be2dc3e326cec0af72acf9212a7e1d060210e70a47e253523", size = 63772 },
]

[[package]]
name = "prompt-toolkit"
version = "3.0.51"
source = { registry = "https://pypi.org/simple" }
dependencies = [
    { name = "wcwidth" },
]
sdist = { url = "https://files.pythonhosted.org/packages/bb/6e/9d084c929dfe9e3bfe0c6a47e31f78a25c54627d64a66e884a8bf5474f1c/prompt_toolkit-3.0.51.tar.gz", hash = "sha256:931a162e3b27fc90c86f1b48bb1fb2c528c2761475e57c9c06de13311c7b54ed", size = 428940 }
wheels = [
    { url = "https://files.pythonhosted.org/packages/ce/4f/5249960887b1fbe561d9ff265496d170b55a735b76724f10ef19f9e40716/prompt_toolkit-3.0.51-py3-none-any.whl", hash = "sha256:52742911fde84e2d423e2f9a4cf1de7d7ac4e51958f648d9540e0fb8db077b07", size = 387810 },
]

[[package]]
name = "ptyprocess"
version = "0.7.0"
source = { registry = "https://pypi.org/simple" }
sdist = { url = "https://files.pythonhosted.org/packages/20/e5/16ff212c1e452235a90aeb09066144d0c5a6a8c0834397e03f5224495c4e/ptyprocess-0.7.0.tar.gz", hash = "sha256:5c5d0a3b48ceee0b48485e0c26037c0acd7d29765ca3fbb5cb3831d347423220", size = 70762 }
wheels = [
    { url = "https://files.pythonhosted.org/packages/22/a6/858897256d0deac81a172289110f31629fc4cee19b6f01283303e18c8db3/ptyprocess-0.7.0-py2.py3-none-any.whl", hash = "sha256:4b41f3967fce3af57cc7e94b888626c18bf37a083e3651ca8feeb66d492fef35", size = 13993 },
]

[[package]]
name = "pure-eval"
version = "0.2.3"
source = { registry = "https://pypi.org/simple" }
sdist = { url = "https://files.pythonhosted.org/packages/cd/05/0a34433a064256a578f1783a10da6df098ceaa4a57bbeaa96a6c0352786b/pure_eval-0.2.3.tar.gz", hash = "sha256:5f4e983f40564c576c7c8635ae88db5956bb2229d7e9237d03b3c0b0190eaf42", size = 19752 }
wheels = [
    { url = "https://files.pythonhosted.org/packages/8e/37/efad0257dc6e593a18957422533ff0f87ede7c9c6ea010a2177d738fb82f/pure_eval-0.2.3-py3-none-any.whl", hash = "sha256:1db8e35b67b3d218d818ae653e27f06c3aa420901fa7b081ca98cbedc874e0d0", size = 11842 },
]

[[package]]
name = "pygame"
version = "2.6.1"
source = { registry = "https://pypi.org/simple" }
sdist = { url = "https://files.pythonhosted.org/packages/49/cc/08bba60f00541f62aaa252ce0cfbd60aebd04616c0b9574f755b583e45ae/pygame-2.6.1.tar.gz", hash = "sha256:56fb02ead529cee00d415c3e007f75e0780c655909aaa8e8bf616ee09c9feb1f", size = 14808125 }
wheels = [
    { url = "https://files.pythonhosted.org/packages/92/16/2c602c332f45ff9526d61f6bd764db5096ff9035433e2172e2d2cadae8db/pygame-2.6.1-cp312-cp312-macosx_10_9_x86_64.whl", hash = "sha256:4ee7f2771f588c966fa2fa8b829be26698c9b4836f82ede5e4edc1a68594942e", size = 13118279 },
    { url = "https://files.pythonhosted.org/packages/cd/53/77ccbc384b251c6e34bfd2e734c638233922449a7844e3c7a11ef91cee39/pygame-2.6.1-cp312-cp312-macosx_11_0_arm64.whl", hash = "sha256:c8040ea2ab18c6b255af706ec01355c8a6b08dc48d77fd4ee783f8fc46a843bf", size = 12384524 },
    { url = "https://files.pythonhosted.org/packages/06/be/3ed337583f010696c3b3435e89a74fb29d0c74d0931e8f33c0a4246307a9/pygame-2.6.1-cp312-cp312-manylinux_2_17_aarch64.manylinux2014_aarch64.whl", hash = "sha256:c47a6938de93fa610accd4969e638c2aebcb29b2fca518a84c3a39d91ab47116", size = 13587123 },
    { url = "https://files.pythonhosted.org/packages/fd/ca/b015586a450db59313535662991b34d24c1f0c0dc149cc5f496573900f4e/pygame-2.6.1-cp312-cp312-manylinux_2_17_i686.manylinux2014_i686.whl", hash = "sha256:33006f784e1c7d7e466fcb61d5489da59cc5f7eb098712f792a225df1d4e229d", size = 14275532 },
    { url = "https://files.pythonhosted.org/packages/b9/f2/d31e6ad42d657af07be2ffd779190353f759a07b51232b9e1d724f2cda46/pygame-2.6.1-cp312-cp312-manylinux_2_17_x86_64.manylinux2014_x86_64.whl", hash = "sha256:1206125f14cae22c44565c9d333607f1d9f59487b1f1432945dfc809aeaa3e88", size = 13952653 },
    { url = "https://files.pythonhosted.org/packages/f3/42/8ea2a6979e6fa971702fece1747e862e2256d4a8558fe0da6364dd946c53/pygame-2.6.1-cp312-cp312-win32.whl", hash = "sha256:84fc4054e25262140d09d39e094f6880d730199710829902f0d8ceae0213379e", size = 10252421 },
    { url = "https://files.pythonhosted.org/packages/5f/90/7d766d54bb95939725e9a9361f9c06b0cfbe3fe100aa35400f0a461a278a/pygame-2.6.1-cp312-cp312-win_amd64.whl", hash = "sha256:3a9e7396be0d9633831c3f8d5d82dd63ba373ad65599628294b7a4f8a5a01a65", size = 10624591 },
    { url = "https://files.pythonhosted.org/packages/e1/91/718acf3e2a9d08a6ddcc96bd02a6f63c99ee7ba14afeaff2a51c987df0b9/pygame-2.6.1-cp313-cp313-macosx_10_13_x86_64.whl", hash = "sha256:ae6039f3a55d800db80e8010f387557b528d34d534435e0871326804df2a62f2", size = 13090765 },
    { url = "https://files.pythonhosted.org/packages/0e/c6/9cb315de851a7682d9c7568a41ea042ee98d668cb8deadc1dafcab6116f0/pygame-2.6.1-cp313-cp313-macosx_11_0_arm64.whl", hash = "sha256:2a3a1288e2e9b1e5834e425bedd5ba01a3cd4902b5c2bff8ed4a740ccfe98171", size = 12381704 },
    { url = "https://files.pythonhosted.org/packages/9f/8f/617a1196e31ae3b46be6949fbaa95b8c93ce15e0544266198c2266cc1b4d/pygame-2.6.1-cp313-cp313-manylinux_2_17_aarch64.manylinux2014_aarch64.whl", hash = "sha256:27eb17e3dc9640e4b4683074f1890e2e879827447770470c2aba9f125f74510b", size = 13581091 },
    { url = "https://files.pythonhosted.org/packages/3b/87/2851a564e40a2dad353f1c6e143465d445dab18a95281f9ea458b94f3608/pygame-2.6.1-cp313-cp313-manylinux_2_17_i686.manylinux2014_i686.whl", hash = "sha256:4c1623180e70a03c4a734deb9bac50fc9c82942ae84a3a220779062128e75f3b", size = 14273844 },
    { url = "https://files.pythonhosted.org/packages/85/b5/aa23aa2e70bcba42c989c02e7228273c30f3b44b9b264abb93eaeff43ad7/pygame-2.6.1-cp313-cp313-manylinux_2_17_x86_64.manylinux2014_x86_64.whl", hash = "sha256:ef07c0103d79492c21fced9ad68c11c32efa6801ca1920ebfd0f15fb46c78b1c", size = 13951197 },
    { url = "https://files.pythonhosted.org/packages/a6/06/29e939b34d3f1354738c7d201c51c250ad7abefefaf6f8332d962ff67c4b/pygame-2.6.1-cp313-cp313-win32.whl", hash = "sha256:3acd8c009317190c2bfd81db681ecef47d5eb108c2151d09596d9c7ea9df5c0e", size = 10249309 },
    { url = "https://files.pythonhosted.org/packages/7e/11/17f7f319ca91824b86557e9303e3b7a71991ef17fd45286bf47d7f0a38e6/pygame-2.6.1-cp313-cp313-win_amd64.whl", hash = "sha256:813af4fba5d0b2cb8e58f5d95f7910295c34067dcc290d34f1be59c48bd1ea6a", size = 10620084 },
]

[[package]]
name = "pygame-ce"
version = "2.5.5"
source = { registry = "https://pypi.org/simple" }
sdist = { url = "https://files.pythonhosted.org/packages/c9/be/af69521e694442dbde5db29069953f25367ddacaa50d9ae644745853d37c/pygame_ce-2.5.5.tar.gz", hash = "sha256:a7f297c223c6e35f16d65d47a19757005763ea7e90795ccc37c0bc562364ae6b", size = 5821935 }
wheels = [
    { url = "https://files.pythonhosted.org/packages/60/2c/45729f86bd7d1b67062be9c44618d7a4269a3892b35d9677e09f3409e91e/pygame_ce-2.5.5-cp312-cp312-macosx_10_13_x86_64.whl", hash = "sha256:cb6801f224a806f883e5de558d3424a53e714abec7d6a47d32fc6b9cfa92e598", size = 12409360 },
    { url = "https://files.pythonhosted.org/packages/6c/28/96d776b0c8efe9939c05ac15ea317b687cec6684ac9808d1c771029e308c/pygame_ce-2.5.5-cp312-cp312-macosx_11_0_arm64.whl", hash = "sha256:adddaf63af2f5b5d0a3840aa73021b71766fa16c1ed3fc18756b54e90b66592f", size = 11660289 },
    { url = "https://files.pythonhosted.org/packages/24/01/48bad8a2431507efc3b357816cbbd4815bba063f09becd54f8d9c5b04b20/pygame_ce-2.5.5-cp312-cp312-manylinux_2_17_aarch64.manylinux2014_aarch64.whl", hash = "sha256:1602ed3dd274e36d5c6008ff2c500223bea38aab0d4fa4a8eae0a0e5897bcb88", size = 12290133 },
    { url = "https://files.pythonhosted.org/packages/ac/5d/0edb786e614bd8d5e2d34a864f0d0ac1ed6b035d7eea04976dbd35bb7e3f/pygame_ce-2.5.5-cp312-cp312-manylinux_2_17_i686.manylinux2014_i686.whl", hash = "sha256:eb42884c847d54a40c98cf631ca8014406eaf8bbfeddde298269193c533a61eb", size = 12823259 },
    { url = "https://files.pythonhosted.org/packages/d5/72/3ae43a335e80f55f3243d674cf47becf17e2a4c565d745b961c50aeec7a1/pygame_ce-2.5.5-cp312-cp312-manylinux_2_17_x86_64.manylinux2014_x86_64.whl", hash = "sha256:13dec639f227dd1092b161e696769f8b6dfbeb92e4e4fabc729dc689a4c63997", size = 12467026 },
    { url = "https://files.pythonhosted.org/packages/0a/30/71e761df3d3567b59f7f73b938c682aaf2e6406d248d871ae5dd569d94e1/pygame_ce-2.5.5-cp312-cp312-win32.whl", hash = "sha256:356ba09a684a92b04330d3d6bb3136066a170aea15f300b078edda347b719fb2", size = 9802023 },
    { url = "https://files.pythonhosted.org/packages/8a/77/adca7896a89d2a30d974bd337ac8adfa14e031f52319c5bfa379be092ade/pygame_ce-2.5.5-cp312-cp312-win_amd64.whl", hash = "sha256:7863dbaf5c33bbba878b6e5aa1b11592048a96b383b11dac15a0837a14c30b62", size = 10378199 },
    { url = "https://files.pythonhosted.org/packages/13/d6/b72511c35d3c3ed07072cee07a1dea34e950375a225d181276c4b2316d3a/pygame_ce-2.5.5-cp313-cp313-macosx_10_13_x86_64.whl", hash = "sha256:32008bef532318c7f8d97fb087a16b44c0d5140969963b6afbf0f9521d18f3dc", size = 12403252 },
    { url = "https://files.pythonhosted.org/packages/5d/0e/23b4ea53172d8841cfaee5b5274581b2b7fa96426e6029dda0e37b369f86/pygame_ce-2.5.5-cp313-cp313-macosx_11_0_arm64.whl", hash = "sha256:00004956921641d9dc7e628be77ea7f23333b839e48ec981704b6516537bd67f", size = 11654505 },
    { url = "https://files.pythonhosted.org/packages/5c/95/a58928af657fbba391d1691ce66f2afede3e8c65cb021b42e4488f6fd490/pygame_ce-2.5.5-cp313-cp313-manylinux_2_17_aarch64.manylinux2014_aarch64.whl", hash = "sha256:255efe334dc69a78c3b7986b9c893ef86cead5aaf8c61cb6990949b4fca84142", size = 12286043 },
    { url = "https://files.pythonhosted.org/packages/5a/61/499b2d078c62c9b91a6ccd2e63805ac884e1715d307d083e54bbbd75a24d/pygame_ce-2.5.5-cp313-cp313-manylinux_2_17_i686.manylinux2014_i686.whl", hash = "sha256:c4b90f01d3ae8ae0f84361480531323bbd06e10be75f4e67478b999b43f8a1f9", size = 12821547 },
    { url = "https://files.pythonhosted.org/packages/d7/19/7f9a37b7ff55dc34a8f727b86b89800a1fdb4b1436e601dea66f89764472/pygame_ce-2.5.5-cp313-cp313-manylinux_2_17_x86_64.manylinux2014_x86_64.whl", hash = "sha256:e37bfd4545fb057ce24d06e13d1262989ca0ece3b12010c585130607e3c2bbf8", size = 12463330 },
    { url = "https://files.pythonhosted.org/packages/fa/f5/5ad50c34f042bbc135312cd75d86d156bf18f54b72ae8947498acbda8cbd/pygame_ce-2.5.5-cp313-cp313-win32.whl", hash = "sha256:476a1b56b19f5023ddd0512716f11c413c3587b93dfd4aebd40869f261d3b8b7", size = 9799763 },
    { url = "https://files.pythonhosted.org/packages/a8/88/89cfcaf55c8ccab5a2d59f206bf7b7d4336c4b27d9b63531a0e274cac817/pygame_ce-2.5.5-cp313-cp313-win_amd64.whl", hash = "sha256:8568fab6d43e23ca209fb860f7d387f2f89bd4047a4fa617ed0951fd9739109c", size = 10376053 },
]

[[package]]
name = "pygame-gui"
version = "0.6.14"
source = { registry = "https://pypi.org/simple" }
dependencies = [
    { name = "pygame-ce" },
    { name = "python-i18n" },
]
wheels = [
    { url = "https://files.pythonhosted.org/packages/29/bf/d2589b06e39a6588480e6313ab530a6073a4ac6734d0f48a1883a5c46236/pygame_gui-0.6.14-py2.py3-none-any.whl", hash = "sha256:e351e88fab01756af6338d071c3cf6ce832a90c3b9f7db4fcb7b5216d5634482", size = 30896869 },
]

[[package]]
name = "pygame-tiled-example"
version = "0.1.0"
source = { editable = "." }
dependencies = [
    { name = "lxml" },
    { name = "pygame" },
    { name = "pygame-gui" },
    { name = "pytmx" },
]

[package.dev-dependencies]
dev = [
    { name = "ipdb" },
]

[package.metadata]
requires-dist = [
    { name = "lxml", specifier = ">=6.0.0" },
    { name = "pygame", specifier = ">=2.1.2" },
    { name = "pygame-gui", specifier = ">=0.6.14" },
    { name = "pytmx", specifier = ">=1.4.0" },
]

[package.metadata.requires-dev]
dev = [{ name = "ipdb", specifier = ">=0.13.13" }]

[[package]]
name = "pygments"
version = "2.19.2"
source = { registry = "https://pypi.org/simple" }
sdist = { url = "https://files.pythonhosted.org/packages/b0/77/a5b8c569bf593b0140bde72ea885a803b82086995367bf2037de0159d924/pygments-2.19.2.tar.gz", hash = "sha256:636cb2477cec7f8952536970bc533bc43743542f70392ae026374600add5b887", size = 4968631 }
wheels = [
    { url = "https://files.pythonhosted.org/packages/c7/21/705964c7812476f378728bdf590ca4b771ec72385c533964653c68e86bdc/pygments-2.19.2-py3-none-any.whl", hash = "sha256:86540386c03d588bb81d44bc3928634ff26449851e99741617ecb9037ee5ec0b", size = 1225217 },
]

[[package]]
name = "python-i18n"
version = "0.3.9"
source = { registry = "https://pypi.org/simple" }
sdist = { url = "https://files.pythonhosted.org/packages/fe/32/d9ba976458c9503ec22db4eb677a5d919edaecd73d893effeaa92a67b84b/python-i18n-0.3.9.tar.gz", hash = "sha256:df97f3d2364bf3a7ebfbd6cbefe8e45483468e52a9e30b909c6078f5f471e4e8", size = 11778 }
wheels = [
    { url = "https://files.pythonhosted.org/packages/5a/73/9a0b2974dd9a3d50788d235f10c4d73c2efcd22926036309645fc2f0db0c/python_i18n-0.3.9-py3-none-any.whl", hash = "sha256:bda5b8d889ebd51973e22e53746417bd32783c9bd6780fd27cadbb733915651d", size = 13750 },
]

[[package]]
name = "pytmx"
version = "3.32"
source = { registry = "https://pypi.org/simple" }
sdist = { url = "https://files.pythonhosted.org/packages/04/4c/b5f720f7b7c4dc601365e1b2464a4434b2c5516ca22c59cb3c26a9ce4947/PyTMX-3.32.tar.gz", hash = "sha256:858fd8338f8e7de0e7967604f008022c26735ab98780b2c5d94d2e2c2f5809ca", size = 28026 }
wheels = [
    { url = "https://files.pythonhosted.org/packages/35/e0/fd0a2d2b93599dec876158fe7fccb8c3e8096844a5a4110dd5bc67377128/PyTMX-3.32-py3-none-any.whl", hash = "sha256:4da4c01133dfcb2746cb4e7f46ea1aef21d56119ab044f8f77b9906dea5fbccb", size = 24468 },
]

[[package]]
name = "stack-data"
version = "0.6.3"
source = { registry = "https://pypi.org/simple" }
dependencies = [
    { name = "asttokens" },
    { name = "executing" },
    { name = "pure-eval" },
]
sdist = { url = "https://files.pythonhosted.org/packages/28/e3/55dcc2cfbc3ca9c29519eb6884dd1415ecb53b0e934862d3559ddcb7e20b/stack_data-0.6.3.tar.gz", hash = "sha256:836a778de4fec4dcd1dcd89ed8abff8a221f58308462e1c4aa2a3cf30148f0b9", size = 44707 }
wheels = [
    { url = "https://files.pythonhosted.org/packages/f1/7b/ce1eafaf1a76852e2ec9b22edecf1daa58175c090266e9f6c64afcd81d91/stack_data-0.6.3-py3-none-any.whl", hash = "sha256:d5558e0c25a4cb0853cddad3d77da9891a08cb85dd9f9f91b9f8cd66e511e695", size = 24521 },
]

[[package]]
name = "traitlets"
version = "5.14.3"
source = { registry = "https://pypi.org/simple" }
sdist = { url = "https://files.pythonhosted.org/packages/eb/79/72064e6a701c2183016abbbfedaba506d81e30e232a68c9f0d6f6fcd1574/traitlets-5.14.3.tar.gz", hash = "sha256:9ed0579d3502c94b4b3732ac120375cda96f923114522847de4b3bb98b96b6b7", size = 161621 }
wheels = [
    { url = "https://files.pythonhosted.org/packages/00/c0/8f5d070730d7836adc9c9b6408dec68c6ced86b304a9b26a14df072a6e8c/traitlets-5.14.3-py3-none-any.whl", hash = "sha256:b74e89e397b1ed28cc831db7aea759ba6640cb3de13090ca145426688ff1ac4f", size = 85359 },
]

[[package]]
name = "wcwidth"
version = "0.2.13"
source = { registry = "https://pypi.org/simple" }
sdist = { url = "https://files.pythonhosted.org/packages/6c/63/53559446a878410fc5a5974feb13d31d78d752eb18aeba59c7fef1af7598/wcwidth-0.2.13.tar.gz", hash = "sha256:72ea0c06399eb286d978fdedb6923a9eb47e1c486ce63e9b4e64fc18303972b5", size = 101301 }
wheels = [
    { url = "https://files.pythonhosted.org/packages/fd/84/fd2ba7aafacbad3c4201d395674fc6348826569da3c0937e75505ead3528/wcwidth-0.2.13-py2.py3-none-any.whl", hash = "sha256:3da69048e4540d84af32131829ff948f1e022c1c6bdb8d6102117aac784f6859", size = 34166 },
]
